{
  "name": "npm_test",
  "version": "1.0.0",
  "lockfileVersion": 1,
  "requires": true,
  "dependencies": {
    "@types/color-name": {
      "version": "1.1.1",
      "resolved": "https://registry.npmjs.org/@types/color-name/-/color-name-1.1.1.tgz",
      "integrity": "sha512-rr+OQyAjxze7GgWrSaJwydHStIhHq2lvY3BOC2Mj7KnzI7XK0Uw1TOOdI9lDoajEbSWLiYgoo4f1R51erQfhPQ=="
    },
    "ansi-styles": {
      "version": "4.2.1",
      "resolved": "https://registry.npmjs.org/ansi-styles/-/ansi-styles-4.2.1.tgz",
      "integrity": "sha512-9VGjrMsG1vePxcSweQsN20KY/c4zN0h9fLjqAbwbPfahM3t+NL+M9HC8xeXG2I8pX5NoamTGNuomEUFI7fcUjA==",
      "requires": {
        "@types/color-name": "^1.1.1",
        "color-convert": "^2.0.1"
      }
    },
    "bindings": {
      "version": "1.5.0",
      "resolved": "https://registry.npmjs.org/bindings/-/bindings-1.5.0.tgz",
      "integrity": "sha512-p2q/t/mhvuOj/UeLlV6566GD/guowlr0hHxClI0W9m7MWYkL1F0hLo+0Aexs9HSPCtR1SXQ0TD3MMKrXZajbiQ==",
      "requires": {
        "file-uri-to-path": "1.0.0"
      }
    },
    "chalk": {
      "version": "3.0.0",
      "resolved": "https://registry.npmjs.org/chalk/-/chalk-3.0.0.tgz",
      "integrity": "sha512-4D3B6Wf41KOYRFdszmDqMCGq5VV/uMAB273JILmO+3jAlh8X4qDtdtgCR3fxtbLEMzSx22QdhnDcJvu2u1fVwg==",
      "requires": {
        "ansi-styles": "^4.1.0",
        "supports-color": "^7.1.0"
      }
    },
    "chardet": {
      "version": "0.8.0",
      "resolved": "https://registry.npmjs.org/chardet/-/chardet-0.8.0.tgz",
      "integrity": "sha512-fRAe54sDSPvCz9I3puKUoUpLBEIUjlwBoNyNcD2eAiP5Ybw2iXnrT7w15hfkNywosXFNllWwvOKsxl7UUCKQaQ=="
    },
    "charset-detector": {
      "version": "0.0.2",
      "resolved": "https://registry.npmjs.org/charset-detector/-/charset-detector-0.0.2.tgz",
      "integrity": "sha1-HNXdr1boMlnG746QbM8G91/pobI="
    },
    "color-convert": {
      "version": "2.0.1",
      "resolved": "https://registry.npmjs.org/color-convert/-/color-convert-2.0.1.tgz",
      "integrity": "sha512-RRECPsj7iu/xb5oKYcsFHSppFNnsj/52OVTRKb4zP5onXwVF3zVmmToNcOfGC+CRDpfK/U584fMg38ZHCaElKQ==",
      "requires": {
        "color-name": "~1.1.4"
      }
    },
    "color-name": {
      "version": "1.1.4",
      "resolved": "https://registry.npmjs.org/color-name/-/color-name-1.1.4.tgz",
      "integrity": "sha512-dOy+3AuW3a2wNbZHIuMZpTcgjGuLU/uBL/ubcZF9OXbDo8ff4O8yVp5Bf0efS8uEoYo5q4Fx7dY9OgQGXgAsQA=="
    },
    "debug": {
      "version": "2.1.1",
      "resolved": "http://registry.npmjs.org/debug/-/debug-2.1.1.tgz",
      "integrity": "sha1-4MVIzGB63CK1N1QNw2OcQjb9+Qw=",
      "requires": {
        "ms": "0.6.2"
      }
    },
    "detect-character-encoding": {
      "version": "0.8.0",
      "resolved": "https://registry.npmjs.org/detect-character-encoding/-/detect-character-encoding-0.8.0.tgz",
      "integrity": "sha512-w+ZYVkUenSJjk1lh36wYcejy03oqZZcBXx52W6zNxyBT7tBMd8IjEglSh+pMHfTvjnPBqnziTGvX1RhitYm7wg==",
      "requires": {
        "bindings": "^1.3.0",
        "nan": "^2.14.0"
      }
    },
    "detect-charset": {
      "version": "0.1.0",
      "resolved": "https://registry.npmjs.org/detect-charset/-/detect-charset-0.1.0.tgz",
      "integrity": "sha1-FoJEFqNjsbuWVakEJcjmW2VguLM=",
      "requires": {
        "debug": "2.1.1",
        "lodash": "2.4.1",
        "q": "1.1.2"
      }
    },
    "file-uri-to-path": {
      "version": "1.0.0",
      "resolved": "https://registry.npmjs.org/file-uri-to-path/-/file-uri-to-path-1.0.0.tgz",
      "integrity": "sha512-0Zt+s3L7Vf1biwWZ29aARiVYLx7iMGnEUl9x33fbB/j3jR81u/O2LbqK+Bm1CDSNDKVtJ/YjwY7TUd5SkeLQLw=="
    },
    "has-flag": {
      "version": "4.0.0",
      "resolved": "https://registry.npmjs.org/has-flag/-/has-flag-4.0.0.tgz",
      "integrity": "sha512-EykJT/Q1KjTWctppgIAgfSO0tKVuZUjhgMr17kqTumMl6Afv3EISleU7qZUzoXDFTAHTDC4NOoG/ZxU3EvlMPQ=="
    },
    "jschardet": {
      "version": "2.3.0",
      "resolved": "https://registry.npmjs.org/jschardet/-/jschardet-2.3.0.tgz",
      "integrity": "sha512-6I6xT7XN/7sBB7q8ObzKbmv5vN+blzLcboDE1BNEsEfmRXJValMxO6OIRT69ylPBRemS3rw6US+CMCar0OBc9g=="
    },
    "lodash": {
      "version": "2.4.1",
      "resolved": "http://registry.npmjs.org/lodash/-/lodash-2.4.1.tgz",
      "integrity": "sha1-W3cjA03aTSYuWkb7LFjXzCL3FCA="
    },
    "ms": {
      "version": "0.6.2",
      "resolved": "http://registry.npmjs.org/ms/-/ms-0.6.2.tgz",
      "integrity": "sha1-2JwhJMb9wTU9Zai3e/GqxLGTcIw="
    },
    "nan": {
      "version": "2.22.0",
      "resolved": "https://registry.npmjs.org/nan/-/nan-2.22.0.tgz",
      "integrity": "sha512-nbajikzWTMwsW+eSsNm3QwlOs7het9gGJU5dDZzRTQGk03vyBOauxgI4VakDzE0PtsGTmXPsXTbbjVhRwR5mpw=="
    },
    "q": {
      "version": "1.1.2",
      "resolved": "https://registry.npmjs.org/q/-/q-1.1.2.tgz",
      "integrity": "sha1-Y1fikSBnAdmfGXq4TlforRlvKok="
    },
    "supports-color": {
      "version": "7.1.0",
      "resolved": "https://registry.npmjs.org/supports-color/-/supports-color-7.1.0.tgz",
      "integrity": "sha512-oRSIpR8pxT1Wr2FquTNnGet79b3BWljqOuoW/h4oBhxJ/HUbX5nX6JSruTkvXDCFMwDPvsaTTbvMLKZWSy0R5g==",
      "requires": {
        "has-flag": "^4.0.0"
      }
    }
  }
}
